{
    "_meta": {
        "hash": {
            "sha256": "84e3a38db0841cbe698318ae36c6aab856085e5f9156769316cfaf8d36c22719"
        },
        "pipfile-spec": 6,
        "requires": {
            "python_version": "3.9"
        },
        "sources": [
            {
                "name": "pypi",
                "url": "https://pypi.org/simple",
                "verify_ssl": true
            }
        ]
    },
    "default": {
        "evdev": {
            "hashes": [
                "sha256:299db8628cc73b237fc1cc57d3c2948faa0756e2a58b6194b5bf81dc2081f1e3"
            ],
            "index": "pypi",
            "version": "==1.6.1"
        },
        "python-libxdo": {
            "hashes": [
                "sha256:718d2677d55e2aaa7c5c549ecf063750efaf3ea6d187738f5ea91ad31bf65b0f"
            ],
            "index": "pypi",
            "version": "==0.1.2a1"
        },
        "six": {
            "hashes": [
                "sha256:1e61c37477a1626458e36f7b1d82aa5c9b094fa4802892072e49de9c60c4c926",
                "sha256:8abb2f1d86890a2dfb989f9a77cfcfd3e47c2a354b01111771326f8aa26e0254"
            ],
            "markers": "python_version >= '2.7' and python_version not in '3.0, 3.1, 3.2, 3.3'",
            "version": "==1.16.0"
        }
    },
    "develop": {}
}
