version = 1
requires-python = ">=3.12"

[[package]]
name = "cog"
version = "0.1.0"
source = { editable = "." }
dependencies = [
    { name = "cogapp" },
]

[package.metadata]
requires-dist = [{ name = "cogapp" }]

[[package]]
name = "cogapp"
version = "3.4.1"
source = { registry = "https://pypi.org/simple" }
sdist = { url = "https://files.pythonhosted.org/packages/b1/d7/9e40d9d957ab1042046b3f6959528f47f9c6e8cb0f2031a3ba69809ed6e9/cogapp-3.4.1.tar.gz", hash = "sha256:a806d5db9e318a1a2d3fce988008179168e7db13e5e55b19b79763f9bb9d2982", size = 53776 }
wheels = [
    { url = "https://files.pythonhosted.org/packages/92/4e/bd3bd0641fb05ba3ab6e16ffb9132ef71ffdeb0392ce21ec6670ff66eaf6/cogapp-3.4.1-py3-none-any.whl", hash = "sha256:1daba7b6c8bb23b733c64833de7aa3a42476c05afba19cff937e1b522216859d", size = 27328 },
]
